
Microsoft Visual Studio Solution File, Format Version 12.00
# Visual Studio 15
VisualStudioVersion = 15.0.27428.2002
MinimumVisualStudioVersion = 10.0.40219.1
Project("{FAE04EC0-301F-11D3-BF4B-00C04F79EFBC}") = "PrimeraAplicacion.Android", "PrimeraAplicacion\PrimeraAplicacion.Android\PrimeraAplicacion.Android.csproj", "{24CC455A-65C8-4FDB-BB09-FC74B052F1B0}"
EndProject
Project("{FAE04EC0-301F-11D3-BF4B-00C04F79EFBC}") = "PrimeraAplicacion.iOS", "PrimeraAplicacion\PrimeraAplicacion.iOS\PrimeraAplicacion.iOS.csproj", "{6D9BCB73-B140-4E57-9500-43AF7ABA1706}"
EndProject
Project("{FAE04EC0-301F-11D3-BF4B-00C04F79EFBC}") = "PrimeraAplicacion", "PrimeraAplicacion\PrimeraAplicacion\PrimeraAplicacion.csproj", "{2E2F610D-11AF-486A-AA9E-E65BE661471F}"
EndProject
Global
	GlobalSection(SolutionConfigurationPlatforms) = preSolution
		Ad-Hoc|Any CPU = Ad-Hoc|Any CPU
		Ad-Hoc|iPhone = Ad-Hoc|iPhone
		Ad-Hoc|iPhoneSimulator = Ad-Hoc|iPhoneSimulator
		AppStore|Any CPU = AppStore|Any CPU
		AppStore|iPhone = AppStore|iPhone
		AppStore|iPhoneSimulator = AppStore|iPhoneSimulator
		Debug|Any CPU = Debug|Any CPU
		Debug|iPhone = Debug|iPhone
		Debug|iPhoneSimulator = Debug|iPhoneSimulator
		Release|Any CPU = Release|Any CPU
		Release|iPhone = Release|iPhone
		Release|iPhoneSimulator = Release|iPhoneSimulator
	EndGlobalSection
	GlobalSection(ProjectConfigurationPlatforms) = postSolution
		{24CC455A-65C8-4FDB-BB09-FC74B052F1B0}.Ad-Hoc|Any CPU.ActiveCfg = Release|Any CPU
		{24CC455A-65C8-4FDB-BB09-FC74B052F1B0}.Ad-Hoc|Any CPU.Build.0 = Release|Any CPU
		{24CC455A-65C8-4FDB-BB09-FC74B052F1B0}.Ad-Hoc|Any CPU.Deploy.0 = Release|Any CPU
		{24CC455A-65C8-4FDB-BB09-FC74B052F1B0}.Ad-Hoc|iPhone.ActiveCfg = Release|Any CPU
		{24CC455A-65C8-4FDB-BB09-FC74B052F1B0}.Ad-Hoc|iPhone.Build.0 = Release|Any CPU
		{24CC455A-65C8-4FDB-BB09-FC74B052F1B0}.Ad-Hoc|iPhone.Deploy.0 = Release|Any CPU
		{24CC455A-65C8-4FDB-BB09-FC74B052F1B0}.Ad-Hoc|iPhoneSimulator.ActiveCfg = Release|Any CPU
		{24CC455A-65C8-4FDB-BB09-FC74B052F1B0}.Ad-Hoc|iPhoneSimulator.Build.0 = Release|Any CPU
		{24CC455A-65C8-4FDB-BB09-FC74B052F1B0}.Ad-Hoc|iPhoneSimulator.Deploy.0 = Release|Any CPU
		{24CC455A-65C8-4FDB-BB09-FC74B052F1B0}.AppStore|Any CPU.ActiveCfg = Release|Any CPU
		{24CC455A-65C8-4FDB-BB09-FC74B052F1B0}.AppStore|Any CPU.Build.0 = Release|Any CPU
		{24CC455A-65C8-4FDB-BB09-FC74B052F1B0}.AppStore|Any CPU.Deploy.0 = Release|Any CPU
		{24CC455A-65C8-4FDB-BB09-FC74B052F1B0}.AppStore|iPhone.ActiveCfg = Release|Any CPU
		{24CC455A-65C8-4FDB-BB09-FC74B052F1B0}.AppStore|iPhone.Build.0 = Release|Any CPU
		{24CC455A-65C8-4FDB-BB09-FC74B052F1B0}.AppStore|iPhone.Deploy.0 = Release|Any CPU
		{24CC455A-65C8-4FDB-BB09-FC74B052F1B0}.AppStore|iPhoneSimulator.ActiveCfg = Release|Any CPU
		{24CC455A-65C8-4FDB-BB09-FC74B052F1B0}.AppStore|iPhoneSimulator.Build.0 = Release|Any CPU
		{24CC455A-65C8-4FDB-BB09-FC74B052F1B0}.AppStore|iPhoneSimulator.Deploy.0 = Release|Any CPU
		{24CC455A-65C8-4FDB-BB09-FC74B052F1B0}.Debug|Any CPU.ActiveCfg = Debug|Any CPU
		{24CC455A-65C8-4FDB-BB09-FC74B052F1B0}.Debug|Any CPU.Build.0 = Debug|Any CPU
		{24CC455A-65C8-4FDB-BB09-FC74B052F1B0}.Debug|Any CPU.Deploy.0 = Debug|Any CPU
		{24CC455A-65C8-4FDB-BB09-FC74B052F1B0}.Debug|iPhone.ActiveCfg = Debug|Any CPU
		{24CC455A-65C8-4FDB-BB09-FC74B052F1B0}.Debug|iPhone.Build.0 = Debug|Any CPU
		{24CC455A-65C8-4FDB-BB09-FC74B052F1B0}.Debug|iPhone.Deploy.0 = Debug|Any CPU
		{24CC455A-65C8-4FDB-BB09-FC74B052F1B0}.Debug|iPhoneSimulator.ActiveCfg = Debug|Any CPU
		{24CC455A-65C8-4FDB-BB09-FC74B052F1B0}.Debug|iPhoneSimulator.Build.0 = Debug|Any CPU
		{24CC455A-65C8-4FDB-BB09-FC74B052F1B0}.Debug|iPhoneSimulator.Deploy.0 = Debug|Any CPU
		{24CC455A-65C8-4FDB-BB09-FC74B052F1B0}.Release|Any CPU.ActiveCfg = Release|Any CPU
		{24CC455A-65C8-4FDB-BB09-FC74B052F1B0}.Release|Any CPU.Build.0 = Release|Any CPU
		{24CC455A-65C8-4FDB-BB09-FC74B052F1B0}.Release|Any CPU.Deploy.0 = Release|Any CPU
		{24CC455A-65C8-4FDB-BB09-FC74B052F1B0}.Release|iPhone.ActiveCfg = Release|Any CPU
		{24CC455A-65C8-4FDB-BB09-FC74B052F1B0}.Release|iPhone.Build.0 = Release|Any CPU
		{24CC455A-65C8-4FDB-BB09-FC74B052F1B0}.Release|iPhone.Deploy.0 = Release|Any CPU
		{24CC455A-65C8-4FDB-BB09-FC74B052F1B0}.Release|iPhoneSimulator.ActiveCfg = Release|Any CPU
		{24CC455A-65C8-4FDB-BB09-FC74B052F1B0}.Release|iPhoneSimulator.Build.0 = Release|Any CPU
		{24CC455A-65C8-4FDB-BB09-FC74B052F1B0}.Release|iPhoneSimulator.Deploy.0 = Release|Any CPU
		{6D9BCB73-B140-4E57-9500-43AF7ABA1706}.Ad-Hoc|Any CPU.ActiveCfg = Ad-Hoc|iPhone
		{6D9BCB73-B140-4E57-9500-43AF7ABA1706}.Ad-Hoc|iPhone.ActiveCfg = Ad-Hoc|iPhone
		{6D9BCB73-B140-4E57-9500-43AF7ABA1706}.Ad-Hoc|iPhone.Build.0 = Ad-Hoc|iPhone
		{6D9BCB73-B140-4E57-9500-43AF7ABA1706}.Ad-Hoc|iPhoneSimulator.ActiveCfg = Ad-Hoc|iPhoneSimulator
		{6D9BCB73-B140-4E57-9500-43AF7ABA1706}.Ad-Hoc|iPhoneSimulator.Build.0 = Ad-Hoc|iPhoneSimulator
		{6D9BCB73-B140-4E57-9500-43AF7ABA1706}.AppStore|Any CPU.ActiveCfg = AppStore|iPhone
		{6D9BCB73-B140-4E57-9500-43AF7ABA1706}.AppStore|iPhone.ActiveCfg = AppStore|iPhone
		{6D9BCB73-B140-4E57-9500-43AF7ABA1706}.AppStore|iPhone.Build.0 = AppStore|iPhone
		{6D9BCB73-B140-4E57-9500-43AF7ABA1706}.AppStore|iPhoneSimulator.ActiveCfg = AppStore|iPhoneSimulator
		{6D9BCB73-B140-4E57-9500-43AF7ABA1706}.AppStore|iPhoneSimulator.Build.0 = AppStore|iPhoneSimulator
		{6D9BCB73-B140-4E57-9500-43AF7ABA1706}.Debug|Any CPU.ActiveCfg = Debug|iPhone
		{6D9BCB73-B140-4E57-9500-43AF7ABA1706}.Debug|iPhone.ActiveCfg = Debug|iPhone
		{6D9BCB73-B140-4E57-9500-43AF7ABA1706}.Debug|iPhone.Build.0 = Debug|iPhone
		{6D9BCB73-B140-4E57-9500-43AF7ABA1706}.Debug|iPhoneSimulator.ActiveCfg = Debug|iPhoneSimulator
		{6D9BCB73-B140-4E57-9500-43AF7ABA1706}.Debug|iPhoneSimulator.Build.0 = Debug|iPhoneSimulator
		{6D9BCB73-B140-4E57-9500-43AF7ABA1706}.Release|Any CPU.ActiveCfg = Release|iPhone
		{6D9BCB73-B140-4E57-9500-43AF7ABA1706}.Release|iPhone.ActiveCfg = Release|iPhone
		{6D9BCB73-B140-4E57-9500-43AF7ABA1706}.Release|iPhone.Build.0 = Release|iPhone
		{6D9BCB73-B140-4E57-9500-43AF7ABA1706}.Release|iPhoneSimulator.ActiveCfg = Release|iPhoneSimulator
		{6D9BCB73-B140-4E57-9500-43AF7ABA1706}.Release|iPhoneSimulator.Build.0 = Release|iPhoneSimulator
		{2E2F610D-11AF-486A-AA9E-E65BE661471F}.Ad-Hoc|Any CPU.ActiveCfg = Debug|Any CPU
		{2E2F610D-11AF-486A-AA9E-E65BE661471F}.Ad-Hoc|Any CPU.Build.0 = Debug|Any CPU
		{2E2F610D-11AF-486A-AA9E-E65BE661471F}.Ad-Hoc|iPhone.ActiveCfg = Debug|Any CPU
		{2E2F610D-11AF-486A-AA9E-E65BE661471F}.Ad-Hoc|iPhone.Build.0 = Debug|Any CPU
		{2E2F610D-11AF-486A-AA9E-E65BE661471F}.Ad-Hoc|iPhoneSimulator.ActiveCfg = Debug|Any CPU
		{2E2F610D-11AF-486A-AA9E-E65BE661471F}.Ad-Hoc|iPhoneSimulator.Build.0 = Debug|Any CPU
		{2E2F610D-11AF-486A-AA9E-E65BE661471F}.AppStore|Any CPU.ActiveCfg = Debug|Any CPU
		{2E2F610D-11AF-486A-AA9E-E65BE661471F}.AppStore|Any CPU.Build.0 = Debug|Any CPU
		{2E2F610D-11AF-486A-AA9E-E65BE661471F}.AppStore|iPhone.ActiveCfg = Debug|Any CPU
		{2E2F610D-11AF-486A-AA9E-E65BE661471F}.AppStore|iPhone.Build.0 = Debug|Any CPU
		{2E2F610D-11AF-486A-AA9E-E65BE661471F}.AppStore|iPhoneSimulator.ActiveCfg = Debug|Any CPU
		{2E2F610D-11AF-486A-AA9E-E65BE661471F}.AppStore|iPhoneSimulator.Build.0 = Debug|Any CPU
		{2E2F610D-11AF-486A-AA9E-E65BE661471F}.Debug|Any CPU.ActiveCfg = Debug|Any CPU
		{2E2F610D-11AF-486A-AA9E-E65BE661471F}.Debug|Any CPU.Build.0 = Debug|Any CPU
		{2E2F610D-11AF-486A-AA9E-E65BE661471F}.Debug|iPhone.ActiveCfg = Debug|Any CPU
		{2E2F610D-11AF-486A-AA9E-E65BE661471F}.Debug|iPhone.Build.0 = Debug|Any CPU
		{2E2F610D-11AF-486A-AA9E-E65BE661471F}.Debug|iPhoneSimulator.ActiveCfg = Debug|Any CPU
		{2E2F610D-11AF-486A-AA9E-E65BE661471F}.Debug|iPhoneSimulator.Build.0 = Debug|Any CPU
		{2E2F610D-11AF-486A-AA9E-E65BE661471F}.Release|Any CPU.ActiveCfg = Release|Any CPU
		{2E2F610D-11AF-486A-AA9E-E65BE661471F}.Release|Any CPU.Build.0 = Release|Any CPU
		{2E2F610D-11AF-486A-AA9E-E65BE661471F}.Release|iPhone.ActiveCfg = Release|Any CPU
		{2E2F610D-11AF-486A-AA9E-E65BE661471F}.Release|iPhone.Build.0 = Release|Any CPU
		{2E2F610D-11AF-486A-AA9E-E65BE661471F}.Release|iPhoneSimulator.ActiveCfg = Release|Any CPU
		{2E2F610D-11AF-486A-AA9E-E65BE661471F}.Release|iPhoneSimulator.Build.0 = Release|Any CPU
	EndGlobalSection
	GlobalSection(SolutionProperties) = preSolution
		HideSolutionNode = FALSE
	EndGlobalSection
	GlobalSection(ExtensibilityGlobals) = postSolution
		SolutionGuid = {6605E5B4-5D3F-4E13-ABFF-76853109ADD6}
	EndGlobalSection
EndGlobal
